
Microsoft Visual Studio Solution File, Format Version 12.00
# Visual Studio 15
Project("{FAE04EC0-301F-11D3-BF4B-00C04F79EFBC}") = "PetAPI", "GradApp\PetAPI.csproj", "{A784262D-7B6D-43F1-8DCB-9DFAABEAE634}"
EndProject
Project("{FAE04EC0-301F-11D3-BF4B-00C04F79EFBC}") = "PetAPI.Core", "PetAPI.Core\PetAPI.Core.csproj", "{72747D54-2F02-4ADD-8D5C-C2209EC24253}"
EndProject
Project("{FAE04EC0-301F-11D3-BF4B-00C04F79EFBC}") = "PetAPI.Infrastructure", "PetAPI.Infrastructure\PetAPI.Infrastructure.csproj", "{36264C9A-7103-4E0C-90B0-977E2AE1E519}"
EndProject
Global
	GlobalSection(SolutionConfigurationPlatforms) = preSolution
		Debug|Any CPU = Debug|Any CPU
		Release|Any CPU = Release|Any CPU
	EndGlobalSection
	GlobalSection(ProjectConfigurationPlatforms) = postSolution
		{A784262D-7B6D-43F1-8DCB-9DFAABEAE634}.Debug|Any CPU.ActiveCfg = Debug|Any CPU
		{A784262D-7B6D-43F1-8DCB-9DFAABEAE634}.Debug|Any CPU.Build.0 = Debug|Any CPU
		{A784262D-7B6D-43F1-8DCB-9DFAABEAE634}.Release|Any CPU.ActiveCfg = Release|Any CPU
		{A784262D-7B6D-43F1-8DCB-9DFAABEAE634}.Release|Any CPU.Build.0 = Release|Any CPU
		{72747D54-2F02-4ADD-8D5C-C2209EC24253}.Debug|Any CPU.ActiveCfg = Debug|Any CPU
		{72747D54-2F02-4ADD-8D5C-C2209EC24253}.Debug|Any CPU.Build.0 = Debug|Any CPU
		{72747D54-2F02-4ADD-8D5C-C2209EC24253}.Release|Any CPU.ActiveCfg = Release|Any CPU
		{72747D54-2F02-4ADD-8D5C-C2209EC24253}.Release|Any CPU.Build.0 = Release|Any CPU
		{36264C9A-7103-4E0C-90B0-977E2AE1E519}.Debug|Any CPU.ActiveCfg = Debug|Any CPU
		{36264C9A-7103-4E0C-90B0-977E2AE1E519}.Debug|Any CPU.Build.0 = Debug|Any CPU
		{36264C9A-7103-4E0C-90B0-977E2AE1E519}.Release|Any CPU.ActiveCfg = Release|Any CPU
		{36264C9A-7103-4E0C-90B0-977E2AE1E519}.Release|Any CPU.Build.0 = Release|Any CPU
	EndGlobalSection
	GlobalSection(NestedProjects) = preSolution
	EndGlobalSection
EndGlobal
